
Microsoft Visual Studio Solution File, Format Version 12.00
# Visual Studio Version 17
VisualStudioVersion = 17.10.34928.147
MinimumVisualStudioVersion = 10.0.40219.1
Project("{888888A0-9F3D-457C-B088-3A5042F75D52}") = "crawn", "crawn.pyproj", "{53763AE4-4693-45B6-BA25-760DAC547676}"
EndProject
Global
	GlobalSection(SolutionConfigurationPlatforms) = preSolution
		Debug|Any CPU = Debug|Any CPU
		Release|Any CPU = Release|Any CPU
	EndGlobalSection
	GlobalSection(ProjectConfigurationPlatforms) = postSolution
		{53763AE4-4693-45B6-BA25-760DAC547676}.Debug|Any CPU.ActiveCfg = Debug|Any CPU
		{53763AE4-4693-45B6-BA25-760DAC547676}.Release|Any CPU.ActiveCfg = Release|Any CPU
	EndGlobalSection
	GlobalSection(SolutionProperties) = preSolution
		HideSolutionNode = FALSE
	EndGlobalSection
	GlobalSection(ExtensibilityGlobals) = postSolution
		SolutionGuid = {C5E2F540-E869-45E1-8C98-C7A63A0D9C7F}
	EndGlobalSection
EndGlobal
